
Microsoft Visual Studio Solution File, Format Version 12.00
# Visual Studio 15
VisualStudioVersion = 15.0.28010.2003
MinimumVisualStudioVersion = 10.0.40219.1
Project("{6989167D-11E4-40FE-8C1A-2192A86A7E90}") = "random_noise", "random_noise.vfproj", "{3D49E53B-2374-4880-85D9-71B67DDE6547}"
EndProject
Global
	GlobalSection(SolutionConfigurationPlatforms) = preSolution
		Debug|x86 = Debug|x86
		Release|x86 = Release|x86
	EndGlobalSection
	GlobalSection(ProjectConfigurationPlatforms) = postSolution
		{3D49E53B-2374-4880-85D9-71B67DDE6547}.Debug|x86.ActiveCfg = Debug|Win32
		{3D49E53B-2374-4880-85D9-71B67DDE6547}.Debug|x86.Build.0 = Debug|Win32
		{3D49E53B-2374-4880-85D9-71B67DDE6547}.Release|x86.ActiveCfg = Release|Win32
		{3D49E53B-2374-4880-85D9-71B67DDE6547}.Release|x86.Build.0 = Release|Win32
	EndGlobalSection
	GlobalSection(SolutionProperties) = preSolution
		HideSolutionNode = FALSE
	EndGlobalSection
	GlobalSection(ExtensibilityGlobals) = postSolution
		SolutionGuid = {929782B3-916E-4EAB-B3DB-159A9A9CE636}
	EndGlobalSection
EndGlobal
